
Microsoft Visual Studio Solution File, Format Version 12.00
# Visual Studio Version 16
VisualStudioVersion = 16.0.30611.23
MinimumVisualStudioVersion = 10.0.40219.1
Project("{FAE04EC0-301F-11D3-BF4B-00C04F79EFBC}") = "OnepayMiura", "OnepayMiura\OnepayMiura.csproj", "{C838DA25-0DCD-46BE-835E-583A54ED8E24}"
EndProject
Project("{FAE04EC0-301F-11D3-BF4B-00C04F79EFBC}") = "OnepayMiuraBindingLibrary", "OnepayMiuraBindingLibrary\OnepayMiuraBindingLibrary.csproj", "{32F20005-D53D-4215-B2ED-60C37AA99D46}"
EndProject
Global
	GlobalSection(SolutionConfigurationPlatforms) = preSolution
		Debug|Any CPU = Debug|Any CPU
		Release|Any CPU = Release|Any CPU
	EndGlobalSection
	GlobalSection(ProjectConfigurationPlatforms) = postSolution
		{C838DA25-0DCD-46BE-835E-583A54ED8E24}.Debug|Any CPU.ActiveCfg = Debug|Any CPU
		{C838DA25-0DCD-46BE-835E-583A54ED8E24}.Debug|Any CPU.Build.0 = Debug|Any CPU
		{C838DA25-0DCD-46BE-835E-583A54ED8E24}.Release|Any CPU.ActiveCfg = Release|Any CPU
		{C838DA25-0DCD-46BE-835E-583A54ED8E24}.Release|Any CPU.Build.0 = Release|Any CPU
		{32F20005-D53D-4215-B2ED-60C37AA99D46}.Debug|Any CPU.ActiveCfg = Debug|Any CPU
		{32F20005-D53D-4215-B2ED-60C37AA99D46}.Debug|Any CPU.Build.0 = Debug|Any CPU
		{32F20005-D53D-4215-B2ED-60C37AA99D46}.Release|Any CPU.ActiveCfg = Release|Any CPU
		{32F20005-D53D-4215-B2ED-60C37AA99D46}.Release|Any CPU.Build.0 = Release|Any CPU
	EndGlobalSection
	GlobalSection(SolutionProperties) = preSolution
		HideSolutionNode = FALSE
	EndGlobalSection
	GlobalSection(ExtensibilityGlobals) = postSolution
		SolutionGuid = {D1F26657-72AA-4852-81BC-6AC7A7E611F8}
	EndGlobalSection
EndGlobal
